<?xml version="1.0" encoding="utf-8"?>
<Project ToolsVersion="4.0" xmlns="http://schemas.microsoft.com/developer/msbuild/2003">
  <ItemGroup>
    <Filter Include="Header Files">
      <UniqueIdentifier>{93995380-89BD-4b04-88EB-625FBE52EBFB}</UniqueIdentifier>
      <Extensions>h</Extensions>
    </Filter>
    <Filter Include="Resource Files">
      <UniqueIdentifier>{D9D6E242-F8AF-46E4-B9FD-80ECBC20BA3E}</UniqueIdentifier>
      <Extensions>qrc;*</Extensions>
      <ParseFiles>false</ParseFiles>
    </Filter>
    <Filter Include="Form Files">
      <UniqueIdentifier>{99349809-55BA-4b9d-BF79-8FDBB0286EB3}</UniqueIdentifier>
      <Extensions>ui</Extensions>
    </Filter>
    <Filter Include="Resource Files">
      <UniqueIdentifier>{D9D6E242-F8AF-46E4-B9FD-80ECBC20BA3E}</UniqueIdentifier>
      <Extensions>qrc;*</Extensions>
      <ParseFiles>false</ParseFiles>
    </Filter>
    <Filter Include="Generated Files">
      <UniqueIdentifier>{71ED8ED8-ACB9-4CE9-BBE1-E00B30144E11}</UniqueIdentifier>
      <Extensions>moc</Extensions>
      <SourceControlFiles>False</SourceControlFiles>
    </Filter>
    <Filter Include="Source Files">
      <UniqueIdentifier>{4FC737F1-C7A5-4376-A066-2A32D752A2FF}</UniqueIdentifier>
      <Extensions>cpp</Extensions>
    </Filter>
    <Filter Include="Config Files">
      <UniqueIdentifier>{4cd38b3d-75ef-4f2c-87b6-4f6a40708015}</UniqueIdentifier>
    </Filter>
    <Filter Include="Config Files\Pagination">
      <UniqueIdentifier>{af23e3ea-3cc5-457f-b003-b036c7ca51f9}</UniqueIdentifier>
    </Filter>
  </ItemGroup>
  <ItemGroup>
    <CustomBuild Include="QIOS.qrc">
      <Filter>Resource Files</Filter>
    </CustomBuild>
    <CustomBuild Include="src\baseWidget.h">
      <Filter>Header Files</Filter>
    </CustomBuild>
    <CustomBuild Include="src\toggleButton.h">
      <Filter>Header Files</Filter>
    </CustomBuild>
    <CustomBuild Include="src\clickButton.h">
      <Filter>Header Files</Filter>
    </CustomBuild>
    <CustomBuild Include="src\mutexButton.h">
      <Filter>Header Files</Filter>
    </CustomBuild>
    <CustomBuild Include="src\navigationButton.h">
      <Filter>Header Files</Filter>
    </CustomBuild>
    <CustomBuild Include="src\textLabel.h">
      <Filter>Header Files</Filter>
    </CustomBuild>
    <CustomBuild Include="src\indicationLabel.h">
      <Filter>Header Files</Filter>
    </CustomBuild>
    <CustomBuild Include="src\dataSlider.h">
      <Filter>Header Files</Filter>
    </CustomBuild>
    <CustomBuild Include="src\dataLabel.h">
      <Filter>Header Files</Filter>
    </CustomBuild>
    <CustomBuild Include="src\progressBar.h">
      <Filter>Header Files</Filter>
    </CustomBuild>
    <CustomBuild Include="src\mainWindow.h">
      <Filter>Header Files</Filter>
    </CustomBuild>
    <CustomBuild Include="src\quickOperation.h">
      <Filter>Header Files</Filter>
    </CustomBuild>
    <CustomBuild Include="src\statusMonitor.h">
      <Filter>Header Files</Filter>
    </CustomBuild>
    <CustomBuild Include="src\mainPage.h">
      <Filter>Header Files</Filter>
    </CustomBuild>
    <CustomBuild Include="src\navigation.h">
      <Filter>Header Files</Filter>
    </CustomBuild>
    <CustomBuild Include="src\inputPage.h">
      <Filter>Header Files</Filter>
    </CustomBuild>
    <CustomBuild Include="src\dataButton.h">
      <Filter>Header Files</Filter>
    </CustomBuild>
  </ItemGroup>
  <ItemGroup>
    <ClCompile Include="src\main.cpp">
      <Filter>Source Files</Filter>
    </ClCompile>
    <ClCompile Include="src\baseWidget.cpp">
      <Filter>Source Files</Filter>
    </ClCompile>
    <ClCompile Include="tmp\moc\moc_baseWidget.cpp">
      <Filter>Generated Files</Filter>
    </ClCompile>
    <ClCompile Include="src\toggleButton.cpp">
      <Filter>Source Files</Filter>
    </ClCompile>
    <ClCompile Include="tmp\moc\moc_toggleButton.cpp">
      <Filter>Generated Files</Filter>
    </ClCompile>
    <ClCompile Include="tmp\moc\moc_clickButton.cpp">
      <Filter>Generated Files</Filter>
    </ClCompile>
    <ClCompile Include="src\clickButton.cpp">
      <Filter>Source Files</Filter>
    </ClCompile>
    <ClCompile Include="src\mutexButton.cpp">
      <Filter>Source Files</Filter>
    </ClCompile>
    <ClCompile Include="tmp\moc\moc_mutexButton.cpp">
      <Filter>Generated Files</Filter>
    </ClCompile>
    <ClCompile Include="src\navigationButton.cpp">
      <Filter>Source Files</Filter>
    </ClCompile>
    <ClCompile Include="tmp\moc\moc_navigationButton.cpp">
      <Filter>Generated Files</Filter>
    </ClCompile>
    <ClCompile Include="tmp\rcc\qrc_QIOS.cpp">
      <Filter>Generated Files</Filter>
    </ClCompile>
    <ClCompile Include="src\textLabel.cpp">
      <Filter>Source Files</Filter>
    </ClCompile>
    <ClCompile Include="tmp\moc\moc_textLabel.cpp">
      <Filter>Generated Files</Filter>
    </ClCompile>
    <ClCompile Include="src\indicationLabel.cpp">
      <Filter>Source Files</Filter>
    </ClCompile>
    <ClCompile Include="tmp\moc\moc_indicationLabel.cpp">
      <Filter>Generated Files</Filter>
    </ClCompile>
    <ClCompile Include="tmp\moc\moc_dataSlider.cpp">
      <Filter>Generated Files</Filter>
    </ClCompile>
    <ClCompile Include="src\dataSlider.cpp">
      <Filter>Source Files</Filter>
    </ClCompile>
    <ClCompile Include="tmp\moc\moc_dataLabel.cpp">
      <Filter>Generated Files</Filter>
    </ClCompile>
    <ClCompile Include="src\dataLabel.cpp">
      <Filter>Source Files</Filter>
    </ClCompile>
    <ClCompile Include="src\progressBar.cpp">
      <Filter>Source Files</Filter>
    </ClCompile>
    <ClCompile Include="tmp\moc\moc_progressBar.cpp">
      <Filter>Generated Files</Filter>
    </ClCompile>
    <ClCompile Include="src\entryBar.cpp">
      <Filter>Source Files</Filter>
    </ClCompile>
    <ClCompile Include="src\componentFactory.cpp">
      <Filter>Source Files</Filter>
    </ClCompile>
    <ClCompile Include="src\xmlRead.cpp">
      <Filter>Source Files</Filter>
    </ClCompile>
    <ClCompile Include="src\mainWindow.cpp">
      <Filter>Source Files</Filter>
    </ClCompile>
    <ClCompile Include="tmp\moc\moc_mainWindow.cpp">
      <Filter>Generated Files</Filter>
    </ClCompile>
    <ClCompile Include="src\navigation.cpp">
      <Filter>Source Files</Filter>
    </ClCompile>
    <ClCompile Include="src\quickOperation.cpp">
      <Filter>Source Files</Filter>
    </ClCompile>
    <ClCompile Include="tmp\moc\moc_quickOperation.cpp">
      <Filter>Generated Files</Filter>
    </ClCompile>
    <ClCompile Include="src\statusMonitor.cpp">
      <Filter>Source Files</Filter>
    </ClCompile>
    <ClCompile Include="tmp\moc\moc_statusMonitor.cpp">
      <Filter>Generated Files</Filter>
    </ClCompile>
    <ClCompile Include="src\page.cpp">
      <Filter>Source Files</Filter>
    </ClCompile>
    <ClCompile Include="src\mainPage.cpp">
      <Filter>Source Files</Filter>
    </ClCompile>
    <ClCompile Include="tmp\moc\moc_mainPage.cpp">
      <Filter>Generated Files</Filter>
    </ClCompile>
    <ClCompile Include="tmp\moc\moc_navigation.cpp">
      <Filter>Generated Files</Filter>
    </ClCompile>
    <ClCompile Include="src\inputPage.cpp">
      <Filter>Source Files</Filter>
    </ClCompile>
    <ClCompile Include="tmp\moc\moc_inputPage.cpp">
      <Filter>Generated Files</Filter>
    </ClCompile>
    <ClCompile Include="src\dataButton.cpp">
      <Filter>Source Files</Filter>
    </ClCompile>
    <ClCompile Include="tmp\moc\moc_dataButton.cpp">
      <Filter>Generated Files</Filter>
    </ClCompile>
    <ClCompile Include="kernelData.cpp">
      <Filter>Source Files</Filter>
    </ClCompile>
  </ItemGroup>
  <ItemGroup>
    <ClInclude Include="src\entryBar.h">
      <Filter>Header Files</Filter>
    </ClInclude>
    <ClInclude Include="src\componentFactory.h">
      <Filter>Header Files</Filter>
    </ClInclude>
    <ClInclude Include="src\xmlRead.h">
      <Filter>Header Files</Filter>
    </ClInclude>
    <ClInclude Include="src\page.h">
      <Filter>Header Files</Filter>
    </ClInclude>
    <ClInclude Include="kernelData.h">
      <Filter>Header Files</Filter>
    </ClInclude>
  </ItemGroup>
  <ItemGroup>
    <Xml Include="bin\data\config\ui\navigation.xml">
      <Filter>Config Files</Filter>
    </Xml>
    <Xml Include="bin\data\config\ui\quickOperation.xml">
      <Filter>Config Files</Filter>
    </Xml>
    <Xml Include="bin\data\config\ui\statusMonitor.xml">
      <Filter>Config Files</Filter>
    </Xml>
    <Xml Include="bin\data\config\ui\mainPage.xml">
      <Filter>Config Files</Filter>
    </Xml>
    <Xml Include="bin\data\config\ui\pagination\flightSetting.xml">
      <Filter>Config Files\Pagination</Filter>
    </Xml>
    <Xml Include="bin\data\config\ui\pagination\environmentSetting.xml">
      <Filter>Config Files\Pagination</Filter>
    </Xml>
    <Xml Include="bin\data\config\ui\pagination\generalParameter.xml">
      <Filter>Config Files\Pagination</Filter>
    </Xml>
  </ItemGroup>
</Project>